
Microsoft Visual Studio Solution File, Format Version 12.00
# Visual Studio Version 16
VisualStudioVersion = 16.0.30204.135
MinimumVisualStudioVersion = 10.0.40219.1
Project("{FAE04EC0-301F-11D3-BF4B-00C04F79EFBC}") = "DevTest", "DevTest\DevTest.csproj", "{4832BDA9-AA84-4B9B-9095-D7AEB88F64CD}"
EndProject
Global
	GlobalSection(SolutionConfigurationPlatforms) = preSolution
		Debug|Any CPU = Debug|Any CPU
		Release|Any CPU = Release|Any CPU
	EndGlobalSection
	GlobalSection(ProjectConfigurationPlatforms) = postSolution
		{4832BDA9-AA84-4B9B-9095-D7AEB88F64CD}.Debug|Any CPU.ActiveCfg = Debug|Any CPU
		{4832BDA9-AA84-4B9B-9095-D7AEB88F64CD}.Debug|Any CPU.Build.0 = Debug|Any CPU
		{4832BDA9-AA84-4B9B-9095-D7AEB88F64CD}.Release|Any CPU.ActiveCfg = Release|Any CPU
		{4832BDA9-AA84-4B9B-9095-D7AEB88F64CD}.Release|Any CPU.Build.0 = Release|Any CPU
	EndGlobalSection
	GlobalSection(SolutionProperties) = preSolution
		HideSolutionNode = FALSE
	EndGlobalSection
	GlobalSection(ExtensibilityGlobals) = postSolution
		SolutionGuid = {B13A4CFD-9889-417B-AAD1-767C79EBB926}
	EndGlobalSection
EndGlobal
